{
  "object": {
    "pins": [
      {
        "package": "MarqueeLabel",
        "repositoryURL": "https://github.com/cbpowell/MarqueeLabel",
        "state": {
          "branch": null,
          "revision": "0a95aef9ab924ec93eb6e8c7fe896abaaf1aa172",
          "version": "4.0.1"
        }
      },
      {
        "package": "SnapKit",
        "repositoryURL": "https://github.com/Iron-Ham/SnapKit",
        "state": {
          "branch": "1e059ea",
          "revision": "1e059ea08f9ddc62da28d88b3418f5d10ca0abd5",
          "version": null
        }
      }
    ]
  },
  "version": 1
}
